// !$*UTF8*$!
{
	archiveVersion = 1;
	classes = {
	};
	objectVersion = 77;
	objects = {

/* Begin PBXContainerItemProxy section */
		A66B9AD72D1B173500E9673D /* PBXContainerItemProxy */ = {
			isa = PBXContainerItemProxy;
			containerPortal = A66B9ABE2D1B173400E9673D /* Project object */;
			proxyType = 1;
			remoteGlobalIDString = A66B9AC52D1B173400E9673D;
			remoteInfo = "better-rest";
		};
		A66B9AE12D1B173500E9673D /* PBXContainerItemProxy */ = {
			isa = PBXContainerItemProxy;
			containerPortal = A66B9ABE2D1B173400E9673D /* Project object */;
			proxyType = 1;
			remoteGlobalIDString = A66B9AC52D1B173400E9673D;
			remoteInfo = "better-rest";
		};
/* End PBXContainerItemProxy section */

/* Begin PBXFileReference section */
		A66B9AC62D1B173400E9673D /* better-rest.app */ = {isa = PBXFileReference; explicitFileType = wrapper.application; includeInIndex = 0; path = "better-rest.app"; sourceTree = BUILT_PRODUCTS_DIR; };
		A66B9AD62D1B173500E9673D /* better-restTests.xctest */ = {isa = PBXFileReference; explicitFileType = wrapper.cfbundle; includeInIndex = 0; path = "better-restTests.xctest"; sourceTree = BUILT_PRODUCTS_DIR; };
		A66B9AE02D1B173500E9673D /* better-restUITests.xctest */ = {isa = PBXFileReference; explicitFileType = wrapper.cfbundle; includeInIndex = 0; path = "better-restUITests.xctest"; sourceTree = BUILT_PRODUCTS_DIR; };
/* End PBXFileReference section */

/* Begin PBXFileSystemSynchronizedRootGroup section */
		A66B9AC82D1B173400E9673D /* better-rest */ = {
			isa = PBXFileSystemSynchronizedRootGroup;
			path = "better-rest";
			sourceTree = "<group>";
		};
		A66B9AD92D1B173500E9673D /* better-restTests */ = {
			isa = PBXFileSystemSynchronizedRootGroup;
			path = "better-restTests";
			sourceTree = "<group>";
		};
		A66B9AE32D1B173500E9673D /* better-restUITests */ = {
			isa = PBXFileSystemSynchronizedRootGroup;
			path = "better-restUITests";
			sourceTree = "<group>";
		};
/* End PBXFileSystemSynchronizedRootGroup section */

/* Begin PBXFrameworksBuildPhase section */
		A66B9AC32D1B173400E9673D /* Frameworks */ = {
			isa = PBXFrameworksBuildPhase;
			buildActionMask = 2147483647;
			files = (
			);
			runOnlyForDeploymentPostprocessing = 0;
		};
		A66B9AD32D1B173500E9673D /* Frameworks */ = {
			isa = PBXFrameworksBuildPhase;
			buildActionMask = 2147483647;
			files = (
			);
			runOnlyForDeploymentPostprocessing = 0;
		};
		A66B9ADD2D1B173500E9673D /* Frameworks */ = {
			isa = PBXFrameworksBuildPhase;
			buildActionMask = 2147483647;
			files = (
			);
			runOnlyForDeploymentPostprocessing = 0;
		};
/* End PBXFrameworksBuildPhase section */

/* Begin PBXGroup section */
		A66B9ABD2D1B173400E9673D = {
			isa = PBXGroup;
			children = (
				A66B9AC82D1B173400E9673D /* better-rest */,
				A66B9AD92D1B173500E9673D /* better-restTests */,
				A66B9AE32D1B173500E9673D /* better-restUITests */,
				A66B9AC72D1B173400E9673D /* Products */,
			);
			sourceTree = "<group>";
		};
		A66B9AC72D1B173400E9673D /* Products */ = {
			isa = PBXGroup;
			children = (
				A66B9AC62D1B173400E9673D /* better-rest.app */,
				A66B9AD62D1B173500E9673D /* better-restTests.xctest */,
				A66B9AE02D1B173500E9673D /* better-restUITests.xctest */,
			);
			name = Products;
			sourceTree = "<group>";
		};
/* End PBXGroup section */

/* Begin PBXNativeTarget section */
		A66B9AC52D1B173400E9673D /* better-rest */ = {
			isa = PBXNativeTarget;
			buildConfigurationList = A66B9AEA2D1B173500E9673D /* Build configuration list for PBXNativeTarget "better-rest" */;
			buildPhases = (
				A66B9AC22D1B173400E9673D /* Sources */,
				A66B9AC32D1B173400E9673D /* Frameworks */,
				A66B9AC42D1B173400E9673D /* Resources */,
			);
			buildRules = (
			);
			dependencies = (
			);
			fileSystemSynchronizedGroups = (
				A66B9AC82D1B173400E9673D /* better-rest */,
			);
			name = "better-rest";
			packageProductDependencies = (
			);
			productName = "better-rest";
			productReference = A66B9AC62D1B173400E9673D /* better-rest.app */;
			productType = "com.apple.product-type.application";
		};
		A66B9AD52D1B173500E9673D /* better-restTests */ = {
			isa = PBXNativeTarget;
			buildConfigurationList = A66B9AED2D1B173500E9673D /* Build configuration list for PBXNativeTarget "better-restTests" */;
			buildPhases = (
				A66B9AD22D1B173500E9673D /* Sources */,
				A66B9AD32D1B173500E9673D /* Frameworks */,
				A66B9AD42D1B173500E9673D /* Resources */,
			);
			buildRules = (
			);
			dependencies = (
				A66B9AD82D1B173500E9673D /* PBXTargetDependency */,
			);
			fileSystemSynchronizedGroups = (
				A66B9AD92D1B173500E9673D /* better-restTests */,
			);
			name = "better-restTests";
			packageProductDependencies = (
			);
			productName = "better-restTests";
			productReference = A66B9AD62D1B173500E9673D /* better-restTests.xctest */;
			productType = "com.apple.product-type.bundle.unit-test";
		};
		A66B9ADF2D1B173500E9673D /* better-restUITests */ = {
			isa = PBXNativeTarget;
			buildConfigurationList = A66B9AF02D1B173500E9673D /* Build configuration list for PBXNativeTarget "better-restUITests" */;
			buildPhases = (
				A66B9ADC2D1B173500E9673D /* Sources */,
				A66B9ADD2D1B173500E9673D /* Frameworks */,
				A66B9ADE2D1B173500E9673D /* Resources */,
			);
			buildRules = (
			);
			dependencies = (
				A66B9AE22D1B173500E9673D /* PBXTargetDependency */,
			);
			fileSystemSynchronizedGroups = (
				A66B9AE32D1B173500E9673D /* better-restUITests */,
			);
			name = "better-restUITests";
			packageProductDependencies = (
			);
			productName = "better-restUITests";
			productReference = A66B9AE02D1B173500E9673D /* better-restUITests.xctest */;
			productType = "com.apple.product-type.bundle.ui-testing";
		};
/* End PBXNativeTarget section */

/* Begin PBXProject section */
		A66B9ABE2D1B173400E9673D /* Project object */ = {
			isa = PBXProject;
			attributes = {
				BuildIndependentTargetsInParallel = 1;
				LastSwiftUpdateCheck = 1620;
				LastUpgradeCheck = 1620;
				TargetAttributes = {
					A66B9AC52D1B173400E9673D = {
						CreatedOnToolsVersion = 16.2;
					};
					A66B9AD52D1B173500E9673D = {
						CreatedOnToolsVersion = 16.2;
						TestTargetID = A66B9AC52D1B173400E9673D;
					};
					A66B9ADF2D1B173500E9673D = {
						CreatedOnToolsVersion = 16.2;
						TestTargetID = A66B9AC52D1B173400E9673D;
					};
				};
			};
			buildConfigurationList = A66B9AC12D1B173400E9673D /* Build configuration list for PBXProject "better-rest" */;
			developmentRegion = en;
			hasScannedForEncodings = 0;
			knownRegions = (
				en,
				Base,
			);
			mainGroup = A66B9ABD2D1B173400E9673D;
			minimizedProjectReferenceProxies = 1;
			preferredProjectObjectVersion = 77;
			productRefGroup = A66B9AC72D1B173400E9673D /* Products */;
			projectDirPath = "";
			projectRoot = "";
			targets = (
				A66B9AC52D1B173400E9673D /* better-rest */,
				A66B9AD52D1B173500E9673D /* better-restTests */,
				A66B9ADF2D1B173500E9673D /* better-restUITests */,
			);
		};
/* End PBXProject section */

/* Begin PBXResourcesBuildPhase section */
		A66B9AC42D1B173400E9673D /* Resources */ = {
			isa = PBXResourcesBuildPhase;
			buildActionMask = 2147483647;
			files = (
			);
			runOnlyForDeploymentPostprocessing = 0;
		};
		A66B9AD42D1B173500E9673D /* Resources */ = {
			isa = PBXResourcesBuildPhase;
			buildActionMask = 2147483647;
			files = (
			);
			runOnlyForDeploymentPostprocessing = 0;
		};
		A66B9ADE2D1B173500E9673D /* Resources */ = {
			isa = PBXResourcesBuildPhase;
			buildActionMask = 2147483647;
			files = (
			);
			runOnlyForDeploymentPostprocessing = 0;
		};
/* End PBXResourcesBuildPhase section */

/* Begin PBXSourcesBuildPhase section */
		A66B9AC22D1B173400E9673D /* Sources */ = {
			isa = PBXSourcesBuildPhase;
			buildActionMask = 2147483647;
			files = (
			);
			runOnlyForDeploymentPostprocessing = 0;
		};
		A66B9AD22D1B173500E9673D /* Sources */ = {
			isa = PBXSourcesBuildPhase;
			buildActionMask = 2147483647;
			files = (
			);
			runOnlyForDeploymentPostprocessing = 0;
		};
		A66B9ADC2D1B173500E9673D /* Sources */ = {
			isa = PBXSourcesBuildPhase;
			buildActionMask = 2147483647;
			files = (
			);
			runOnlyForDeploymentPostprocessing = 0;
		};
/* End PBXSourcesBuildPhase section */

/* Begin PBXTargetDependency section */
		A66B9AD82D1B173500E9673D /* PBXTargetDependency */ = {
			isa = PBXTargetDependency;
			target = A66B9AC52D1B173400E9673D /* better-rest */;
			targetProxy = A66B9AD72D1B173500E9673D /* PBXContainerItemProxy */;
		};
		A66B9AE22D1B173500E9673D /* PBXTargetDependency */ = {
			isa = PBXTargetDependency;
			target = A66B9AC52D1B173400E9673D /* better-rest */;
			targetProxy = A66B9AE12D1B173500E9673D /* PBXContainerItemProxy */;
		};
/* End PBXTargetDependency section */

/* Begin XCBuildConfiguration section */
		A66B9AE82D1B173500E9673D /* Debug */ = {
			isa = XCBuildConfiguration;
			buildSettings = {
				ALWAYS_SEARCH_USER_PATHS = NO;
				ASSETCATALOG_COMPILER_GENERATE_SWIFT_ASSET_SYMBOL_EXTENSIONS = YES;
				CLANG_ANALYZER_NONNULL = YES;
				CLANG_ANALYZER_NUMBER_OBJECT_CONVERSION = YES_AGGRESSIVE;
				CLANG_CXX_LANGUAGE_STANDARD = "gnu++20";
				CLANG_ENABLE_MODULES = YES;
				CLANG_ENABLE_OBJC_ARC = YES;
				CLANG_ENABLE_OBJC_WEAK = YES;
				CLANG_WARN_BLOCK_CAPTURE_AUTORELEASING = YES;
				CLANG_WARN_BOOL_CONVERSION = YES;
				CLANG_WARN_COMMA = YES;
				CLANG_WARN_CONSTANT_CONVERSION = YES;
				CLANG_WARN_DEPRECATED_OBJC_IMPLEMENTATIONS = YES;
				CLANG_WARN_DIRECT_OBJC_ISA_USAGE = YES_ERROR;
				CLANG_WARN_DOCUMENTATION_COMMENTS = YES;
				CLANG_WARN_EMPTY_BODY = YES;
				CLANG_WARN_ENUM_CONVERSION = YES;
				CLANG_WARN_INFINITE_RECURSION = YES;
				CLANG_WARN_INT_CONVERSION = YES;
				CLANG_WARN_NON_LITERAL_NULL_CONVERSION = YES;
				CLANG_WARN_OBJC_IMPLICIT_RETAIN_SELF = YES;
				CLANG_WARN_OBJC_LITERAL_CONVERSION = YES;
				CLANG_WARN_OBJC_ROOT_CLASS = YES_ERROR;
				CLANG_WARN_QUOTED_INCLUDE_IN_FRAMEWORK_HEADER = YES;
				CLANG_WARN_RANGE_LOOP_ANALYSIS = YES;
				CLANG_WARN_STRICT_PROTOTYPES = YES;
				CLANG_WARN_SUSPICIOUS_MOVE = YES;
				CLANG_WARN_UNGUARDED_AVAILABILITY = YES_AGGRESSIVE;
				CLANG_WARN_UNREACHABLE_CODE = YES;
				CLANG_WARN__DUPLICATE_METHOD_MATCH = YES;
				COPY_PHASE_STRIP = NO;
				DEBUG_INFORMATION_FORMAT = dwarf;
				ENABLE_STRICT_OBJC_MSGSEND = YES;
				ENABLE_TESTABILITY = YES;
				ENABLE_USER_SCRIPT_SANDBOXING = YES;
				GCC_C_LANGUAGE_STANDARD = gnu17;
				GCC_DYNAMIC_NO_PIC = NO;
				GCC_NO_COMMON_BLOCKS = YES;
				GCC_OPTIMIZATION_LEVEL = 0;
				GCC_PREPROCESSOR_DEFINITIONS = (
					"DEBUG=1",
					"$(inherited)",
				);
				GCC_WARN_64_TO_32_BIT_CONVERSION = YES;
				GCC_WARN_ABOUT_RETURN_TYPE = YES_ERROR;
				GCC_WARN_UNDECLARED_SELECTOR = YES;
				GCC_WARN_UNINITIALIZED_AUTOS = YES_AGGRESSIVE;
				GCC_WARN_UNUSED_FUNCTION = YES;
				GCC_WARN_UNUSED_VARIABLE = YES;
				IPHONEOS_DEPLOYMENT_TARGET = 18.2;
				LOCALIZATION_PREFERS_STRING_CATALOGS = YES;
				MTL_ENABLE_DEBUG_INFO = INCLUDE_SOURCE;
				MTL_FAST_MATH = YES;
				ONLY_ACTIVE_ARCH = YES;
				SDKROOT = iphoneos;
				SWIFT_ACTIVE_COMPILATION_CONDITIONS = "DEBUG $(inherited)";
				SWIFT_OPTIMIZATION_LEVEL = "-Onone";
			};
			name = Debug;
		};
		A66B9AE92D1B173500E9673D /* Release */ = {
			isa = XCBuildConfiguration;
			buildSettings = {
				ALWAYS_SEARCH_USER_PATHS = NO;
				ASSETCATALOG_COMPILER_GENERATE_SWIFT_ASSET_SYMBOL_EXTENSIONS = YES;
				CLANG_ANALYZER_NONNULL = YES;
				CLANG_ANALYZER_NUMBER_OBJECT_CONVERSION = YES_AGGRESSIVE;
				CLANG_CXX_LANGUAGE_STANDARD = "gnu++20";
				CLANG_ENABLE_MODULES = YES;
				CLANG_ENABLE_OBJC_ARC = YES;
				CLANG_ENABLE_OBJC_WEAK = YES;
				CLANG_WARN_BLOCK_CAPTURE_AUTORELEASING = YES;
				CLANG_WARN_BOOL_CONVERSION = YES;
				CLANG_WARN_COMMA = YES;
				CLANG_WARN_CONSTANT_CONVERSION = YES;
				CLANG_WARN_DEPRECATED_OBJC_IMPLEMENTATIONS = YES;
				CLANG_WARN_DIRECT_OBJC_ISA_USAGE = YES_ERROR;
				CLANG_WARN_DOCUMENTATION_COMMENTS = YES;
				CLANG_WARN_EMPTY_BODY = YES;
				CLANG_WARN_ENUM_CONVERSION = YES;
				CLANG_WARN_INFINITE_RECURSION = YES;
				CLANG_WARN_INT_CONVERSION = YES;
				CLANG_WARN_NON_LITERAL_NULL_CONVERSION = YES;
				CLANG_WARN_OBJC_IMPLICIT_RETAIN_SELF = YES;
				CLANG_WARN_OBJC_LITERAL_CONVERSION = YES;
				CLANG_WARN_OBJC_ROOT_CLASS = YES_ERROR;
				CLANG_WARN_QUOTED_INCLUDE_IN_FRAMEWORK_HEADER = YES;
				CLANG_WARN_RANGE_LOOP_ANALYSIS = YES;
				CLANG_WARN_STRICT_PROTOTYPES = YES;
				CLANG_WARN_SUSPICIOUS_MOVE = YES;
				CLANG_WARN_UNGUARDED_AVAILABILITY = YES_AGGRESSIVE;
				CLANG_WARN_UNREACHABLE_CODE = YES;
				CLANG_WARN__DUPLICATE_METHOD_MATCH = YES;
				COPY_PHASE_STRIP = NO;
				DEBUG_INFORMATION_FORMAT = "dwarf-with-dsym";
				ENABLE_NS_ASSERTIONS = NO;
				ENABLE_STRICT_OBJC_MSGSEND = YES;
				ENABLE_USER_SCRIPT_SANDBOXING = YES;
				GCC_C_LANGUAGE_STANDARD = gnu17;
				GCC_NO_COMMON_BLOCKS = YES;
				GCC_WARN_64_TO_32_BIT_CONVERSION = YES;
				GCC_WARN_ABOUT_RETURN_TYPE = YES_ERROR;
				GCC_WARN_UNDECLARED_SELECTOR = YES;
				GCC_WARN_UNINITIALIZED_AUTOS = YES_AGGRESSIVE;
				GCC_WARN_UNUSED_FUNCTION = YES;
				GCC_WARN_UNUSED_VARIABLE = YES;
				IPHONEOS_DEPLOYMENT_TARGET = 18.2;
				LOCALIZATION_PREFERS_STRING_CATALOGS = YES;
				MTL_ENABLE_DEBUG_INFO = NO;
				MTL_FAST_MATH = YES;
				SDKROOT = iphoneos;
				SWIFT_COMPILATION_MODE = wholemodule;
				VALIDATE_PRODUCT = YES;
			};
			name = Release;
		};
		A66B9AEB2D1B173500E9673D /* Debug */ = {
			isa = XCBuildConfiguration;
			buildSettings = {
				ASSETCATALOG_COMPILER_APPICON_NAME = AppIcon;
				ASSETCATALOG_COMPILER_GLOBAL_ACCENT_COLOR_NAME = AccentColor;
				CODE_SIGN_STYLE = Automatic;
				CURRENT_PROJECT_VERSION = 1;
				DEVELOPMENT_ASSET_PATHS = "\"better-rest/Preview Content\"";
				ENABLE_PREVIEWS = YES;
				GENERATE_INFOPLIST_FILE = YES;
				INFOPLIST_KEY_UIApplicationSceneManifest_Generation = YES;
				INFOPLIST_KEY_UIApplicationSupportsIndirectInputEvents = YES;
				INFOPLIST_KEY_UILaunchScreen_Generation = YES;
				INFOPLIST_KEY_UISupportedInterfaceOrientations_iPad = "UIInterfaceOrientationPortrait UIInterfaceOrientationPortraitUpsideDown UIInterfaceOrientationLandscapeLeft UIInterfaceOrientationLandscapeRight";
				INFOPLIST_KEY_UISupportedInterfaceOrientations_iPhone = "UIInterfaceOrientationPortrait UIInterfaceOrientationLandscapeLeft UIInterfaceOrientationLandscapeRight";
				LD_RUNPATH_SEARCH_PATHS = (
					"$(inherited)",
					"@executable_path/Frameworks",
				);
				MARKETING_VERSION = 1.0;
				PRODUCT_BUNDLE_IDENTIFIER = "efesezen.better-rest";
				PRODUCT_NAME = "$(TARGET_NAME)";
				SWIFT_EMIT_LOC_STRINGS = YES;
				SWIFT_VERSION = 5.0;
				TARGETED_DEVICE_FAMILY = "1,2";
			};
			name = Debug;
		};
		A66B9AEC2D1B173500E9673D /* Release */ = {
			isa = XCBuildConfiguration;
			buildSettings = {
				ASSETCATALOG_COMPILER_APPICON_NAME = AppIcon;
				ASSETCATALOG_COMPILER_GLOBAL_ACCENT_COLOR_NAME = AccentColor;
				CODE_SIGN_STYLE = Automatic;
				CURRENT_PROJECT_VERSION = 1;
				DEVELOPMENT_ASSET_PATHS = "\"better-rest/Preview Content\"";
				ENABLE_PREVIEWS = YES;
				GENERATE_INFOPLIST_FILE = YES;
				INFOPLIST_KEY_UIApplicationSceneManifest_Generation = YES;
				INFOPLIST_KEY_UIApplicationSupportsIndirectInputEvents = YES;
				INFOPLIST_KEY_UILaunchScreen_Generation = YES;
				INFOPLIST_KEY_UISupportedInterfaceOrientations_iPad = "UIInterfaceOrientationPortrait UIInterfaceOrientationPortraitUpsideDown UIInterfaceOrientationLandscapeLeft UIInterfaceOrientationLandscapeRight";
				INFOPLIST_KEY_UISupportedInterfaceOrientations_iPhone = "UIInterfaceOrientationPortrait UIInterfaceOrientationLandscapeLeft UIInterfaceOrientationLandscapeRight";
				LD_RUNPATH_SEARCH_PATHS = (
					"$(inherited)",
					"@executable_path/Frameworks",
				);
				MARKETING_VERSION = 1.0;
				PRODUCT_BUNDLE_IDENTIFIER = "efesezen.better-rest";
				PRODUCT_NAME = "$(TARGET_NAME)";
				SWIFT_EMIT_LOC_STRINGS = YES;
				SWIFT_VERSION = 5.0;
				TARGETED_DEVICE_FAMILY = "1,2";
			};
			name = Release;
		};
		A66B9AEE2D1B173500E9673D /* Debug */ = {
			isa = XCBuildConfiguration;
			buildSettings = {
				BUNDLE_LOADER = "$(TEST_HOST)";
				CODE_SIGN_STYLE = Automatic;
				CURRENT_PROJECT_VERSION = 1;
				GENERATE_INFOPLIST_FILE = YES;
				IPHONEOS_DEPLOYMENT_TARGET = 18.2;
				MARKETING_VERSION = 1.0;
				PRODUCT_BUNDLE_IDENTIFIER = "efesezen.better-restTests";
				PRODUCT_NAME = "$(TARGET_NAME)";
				SWIFT_EMIT_LOC_STRINGS = NO;
				SWIFT_VERSION = 5.0;
				TARGETED_DEVICE_FAMILY = "1,2";
				TEST_HOST = "$(BUILT_PRODUCTS_DIR)/better-rest.app/$(BUNDLE_EXECUTABLE_FOLDER_PATH)/better-rest";
			};
			name = Debug;
		};
		A66B9AEF2D1B173500E9673D /* Release */ = {
			isa = XCBuildConfiguration;
			buildSettings = {
				BUNDLE_LOADER = "$(TEST_HOST)";
				CODE_SIGN_STYLE = Automatic;
				CURRENT_PROJECT_VERSION = 1;
				GENERATE_INFOPLIST_FILE = YES;
				IPHONEOS_DEPLOYMENT_TARGET = 18.2;
				MARKETING_VERSION = 1.0;
				PRODUCT_BUNDLE_IDENTIFIER = "efesezen.better-restTests";
				PRODUCT_NAME = "$(TARGET_NAME)";
				SWIFT_EMIT_LOC_STRINGS = NO;
				SWIFT_VERSION = 5.0;
				TARGETED_DEVICE_FAMILY = "1,2";
				TEST_HOST = "$(BUILT_PRODUCTS_DIR)/better-rest.app/$(BUNDLE_EXECUTABLE_FOLDER_PATH)/better-rest";
			};
			name = Release;
		};
		A66B9AF12D1B173500E9673D /* Debug */ = {
			isa = XCBuildConfiguration;
			buildSettings = {
				CODE_SIGN_STYLE = Automatic;
				CURRENT_PROJECT_VERSION = 1;
				GENERATE_INFOPLIST_FILE = YES;
				MARKETING_VERSION = 1.0;
				PRODUCT_BUNDLE_IDENTIFIER = "efesezen.better-restUITests";
				PRODUCT_NAME = "$(TARGET_NAME)";
				SWIFT_EMIT_LOC_STRINGS = NO;
				SWIFT_VERSION = 5.0;
				TARGETED_DEVICE_FAMILY = "1,2";
				TEST_TARGET_NAME = "better-rest";
			};
			name = Debug;
		};
		A66B9AF22D1B173500E9673D /* Release */ = {
			isa = XCBuildConfiguration;
			buildSettings = {
				CODE_SIGN_STYLE = Automatic;
				CURRENT_PROJECT_VERSION = 1;
				GENERATE_INFOPLIST_FILE = YES;
				MARKETING_VERSION = 1.0;
				PRODUCT_BUNDLE_IDENTIFIER = "efesezen.better-restUITests";
				PRODUCT_NAME = "$(TARGET_NAME)";
				SWIFT_EMIT_LOC_STRINGS = NO;
				SWIFT_VERSION = 5.0;
				TARGETED_DEVICE_FAMILY = "1,2";
				TEST_TARGET_NAME = "better-rest";
			};
			name = Release;
		};
/* End XCBuildConfiguration section */

/* Begin XCConfigurationList section */
		A66B9AC12D1B173400E9673D /* Build configuration list for PBXProject "better-rest" */ = {
			isa = XCConfigurationList;
			buildConfigurations = (
				A66B9AE82D1B173500E9673D /* Debug */,
				A66B9AE92D1B173500E9673D /* Release */,
			);
			defaultConfigurationIsVisible = 0;
			defaultConfigurationName = Release;
		};
		A66B9AEA2D1B173500E9673D /* Build configuration list for PBXNativeTarget "better-rest" */ = {
			isa = XCConfigurationList;
			buildConfigurations = (
				A66B9AEB2D1B173500E9673D /* Debug */,
				A66B9AEC2D1B173500E9673D /* Release */,
			);
			defaultConfigurationIsVisible = 0;
			defaultConfigurationName = Release;
		};
		A66B9AED2D1B173500E9673D /* Build configuration list for PBXNativeTarget "better-restTests" */ = {
			isa = XCConfigurationList;
			buildConfigurations = (
				A66B9AEE2D1B173500E9673D /* Debug */,
				A66B9AEF2D1B173500E9673D /* Release */,
			);
			defaultConfigurationIsVisible = 0;
			defaultConfigurationName = Release;
		};
		A66B9AF02D1B173500E9673D /* Build configuration list for PBXNativeTarget "better-restUITests" */ = {
			isa = XCConfigurationList;
			buildConfigurations = (
				A66B9AF12D1B173500E9673D /* Debug */,
				A66B9AF22D1B173500E9673D /* Release */,
			);
			defaultConfigurationIsVisible = 0;
			defaultConfigurationName = Release;
		};
/* End XCConfigurationList section */
	};
	rootObject = A66B9ABE2D1B173400E9673D /* Project object */;
}
